
Microsoft Visual Studio Solution File, Format Version 12.00
# Visual Studio Version 17
VisualStudioVersion = 17.3.32825.248
MinimumVisualStudioVersion = 10.0.40219.1
Project("{8BC9CEB8-8B4A-11D0-8D11-00A0C91BC942}") = "DX11_Triangle", "DX11_Triangle\DX11_Triangle.vcxproj", "{A19B4E96-46BF-41A8-8841-226348BF67F4}"
EndProject
Global
	GlobalSection(SolutionConfigurationPlatforms) = preSolution
		Debug|ARM = Debug|ARM
		Debug|ARM64 = Debug|ARM64
		Debug|x64 = Debug|x64
		Debug|x86 = Debug|x86
		Release|ARM = Release|ARM
		Release|ARM64 = Release|ARM64
		Release|x64 = Release|x64
		Release|x86 = Release|x86
	EndGlobalSection
	GlobalSection(ProjectConfigurationPlatforms) = postSolution
		{A19B4E96-46BF-41A8-8841-226348BF67F4}.Debug|ARM.ActiveCfg = Debug|x64
		{A19B4E96-46BF-41A8-8841-226348BF67F4}.Debug|ARM.Build.0 = Debug|x64
		{A19B4E96-46BF-41A8-8841-226348BF67F4}.Debug|ARM64.ActiveCfg = Debug|x64
		{A19B4E96-46BF-41A8-8841-226348BF67F4}.Debug|ARM64.Build.0 = Debug|x64
		{A19B4E96-46BF-41A8-8841-226348BF67F4}.Debug|x64.ActiveCfg = Debug|x64
		{A19B4E96-46BF-41A8-8841-226348BF67F4}.Debug|x64.Build.0 = Debug|x64
		{A19B4E96-46BF-41A8-8841-226348BF67F4}.Debug|x86.ActiveCfg = Debug|Win32
		{A19B4E96-46BF-41A8-8841-226348BF67F4}.Debug|x86.Build.0 = Debug|Win32
		{A19B4E96-46BF-41A8-8841-226348BF67F4}.Release|ARM.ActiveCfg = Release|x64
		{A19B4E96-46BF-41A8-8841-226348BF67F4}.Release|ARM.Build.0 = Release|x64
		{A19B4E96-46BF-41A8-8841-226348BF67F4}.Release|ARM64.ActiveCfg = Release|x64
		{A19B4E96-46BF-41A8-8841-226348BF67F4}.Release|ARM64.Build.0 = Release|x64
		{A19B4E96-46BF-41A8-8841-226348BF67F4}.Release|x64.ActiveCfg = Release|x64
		{A19B4E96-46BF-41A8-8841-226348BF67F4}.Release|x64.Build.0 = Release|x64
		{A19B4E96-46BF-41A8-8841-226348BF67F4}.Release|x86.ActiveCfg = Release|Win32
		{A19B4E96-46BF-41A8-8841-226348BF67F4}.Release|x86.Build.0 = Release|Win32
	EndGlobalSection
	GlobalSection(SolutionProperties) = preSolution
		HideSolutionNode = FALSE
	EndGlobalSection
	GlobalSection(ExtensibilityGlobals) = postSolution
		SolutionGuid = {53EB54E9-078E-4D1F-BD12-7E04D01656DC}
	EndGlobalSection
EndGlobal
